{
  "name": "integrationtest",
  "lockfileVersion": 2,
  "requires": true,
  "packages": {
    "": {
      "name": "integrationtest",
      "dependencies": {
        "deno-npm": "1.27.1-local.1"
      }
    },
    "node_modules/deno-npm": {
      "version": "1.27.1-local.1",
      "resolved": "https://registry.npmjs.org/deno-npm/-/deno-npm-1.27.1-local.1.tgz",
      "integrity": "sha512-LXXsZ0q3cpgMN7sjObg3I+V3ZjTTgjCE9bWl9vLp/hXXEGcCebEEby3n0pC9HQgzEnFqBqdrmBvk1ivL3lSaGA==",
      "bin": {
        "deno": "bin/deno.js",
        "deno-bin-offline": "bin/deno.js",
        "deno-npm": "bin/deno.js"
      }
    }
  },
  "dependencies": {
    "deno-npm": {
      "version": "1.27.1-local.1",
      "resolved": "https://registry.npmjs.org/deno-npm/-/deno-npm-1.27.1-local.1.tgz",
      "integrity": "sha512-LXXsZ0q3cpgMN7sjObg3I+V3ZjTTgjCE9bWl9vLp/hXXEGcCebEEby3n0pC9HQgzEnFqBqdrmBvk1ivL3lSaGA=="
    }
  }
}
